
Microsoft Visual Studio Solution File, Format Version 12.00
# Visual Studio 15
VisualStudioVersion = 15.0.28307.271
MinimumVisualStudioVersion = 10.0.40219.1
Project("{2150E333-8FDC-42A3-9474-1A3956D46DE8}") = "1 ED.UI", "1 ED.UI", "{1DF8E617-4643-47BC-ACA4-16DB30FE39BA}"
EndProject
Project("{2150E333-8FDC-42A3-9474-1A3956D46DE8}") = "2 ED.BUSINESS", "2 ED.BUSINESS", "{CB12575B-EE8D-43E3-8A4C-655449E035D0}"
EndProject
Project("{2150E333-8FDC-42A3-9474-1A3956D46DE8}") = "3 ED.SERVICES", "3 ED.SERVICES", "{CADEF4D1-C945-4C3D-B2D6-3B77159F466E}"
EndProject
Project("{2150E333-8FDC-42A3-9474-1A3956D46DE8}") = "4 ED.ENTITIES", "4 ED.ENTITIES", "{EC1702ED-3658-4C11-9E05-3799AAA4D198}"
EndProject
Project("{2150E333-8FDC-42A3-9474-1A3956D46DE8}") = "5 ED.DATA", "5 ED.DATA", "{BC9522A0-885B-48C7-83C7-45081C332B8E}"
EndProject
Project("{FAE04EC0-301F-11D3-BF4B-00C04F79EFBC}") = "ED.UI.WEB", "1 ED.UI\ED.UI.WEB\ED.UI.WEB.csproj", "{6E0A8844-85BF-44EC-B1AD-00DDE4083E48}"
EndProject
Project("{FAE04EC0-301F-11D3-BF4B-00C04F79EFBC}") = "ED.BUSINESS", "2 ED.BUSINESS\ED.BUSINESS\ED.BUSINESS.csproj", "{3E2B26C3-E401-4F62-BDFD-6AB559BD094E}"
EndProject
Project("{FAE04EC0-301F-11D3-BF4B-00C04F79EFBC}") = "ED.ENTITIES", "4 ED.ENTITIES\ED.ENTITIES\ED.ENTITIES.csproj", "{12948376-4053-4AEF-ADDD-8A7CE2583C9D}"
EndProject
Project("{FAE04EC0-301F-11D3-BF4B-00C04F79EFBC}") = "ED.SERVICES.GENERAL", "3 ED.SERVICES\ED.SERVICES.GENERAL\ED.SERVICES.GENERAL.csproj", "{EE247F0E-47F9-4687-AB97-458A92C37ACA}"
EndProject
Project("{FAE04EC0-301F-11D3-BF4B-00C04F79EFBC}") = "ED.DATA", "5 ED.DATA\ED.DATA\ED.DATA.csproj", "{7DDCD4AD-4706-4483-93C1-86CEB1C2C979}"
EndProject
Global
	GlobalSection(SolutionConfigurationPlatforms) = preSolution
		Debug|Any CPU = Debug|Any CPU
		Release|Any CPU = Release|Any CPU
	EndGlobalSection
	GlobalSection(ProjectConfigurationPlatforms) = postSolution
		{6E0A8844-85BF-44EC-B1AD-00DDE4083E48}.Debug|Any CPU.ActiveCfg = Debug|Any CPU
		{6E0A8844-85BF-44EC-B1AD-00DDE4083E48}.Debug|Any CPU.Build.0 = Debug|Any CPU
		{6E0A8844-85BF-44EC-B1AD-00DDE4083E48}.Release|Any CPU.ActiveCfg = Release|Any CPU
		{6E0A8844-85BF-44EC-B1AD-00DDE4083E48}.Release|Any CPU.Build.0 = Release|Any CPU
		{3E2B26C3-E401-4F62-BDFD-6AB559BD094E}.Debug|Any CPU.ActiveCfg = Debug|Any CPU
		{3E2B26C3-E401-4F62-BDFD-6AB559BD094E}.Debug|Any CPU.Build.0 = Debug|Any CPU
		{3E2B26C3-E401-4F62-BDFD-6AB559BD094E}.Release|Any CPU.ActiveCfg = Release|Any CPU
		{3E2B26C3-E401-4F62-BDFD-6AB559BD094E}.Release|Any CPU.Build.0 = Release|Any CPU
		{12948376-4053-4AEF-ADDD-8A7CE2583C9D}.Debug|Any CPU.ActiveCfg = Debug|Any CPU
		{12948376-4053-4AEF-ADDD-8A7CE2583C9D}.Debug|Any CPU.Build.0 = Debug|Any CPU
		{12948376-4053-4AEF-ADDD-8A7CE2583C9D}.Release|Any CPU.ActiveCfg = Release|Any CPU
		{12948376-4053-4AEF-ADDD-8A7CE2583C9D}.Release|Any CPU.Build.0 = Release|Any CPU
		{EE247F0E-47F9-4687-AB97-458A92C37ACA}.Debug|Any CPU.ActiveCfg = Debug|Any CPU
		{EE247F0E-47F9-4687-AB97-458A92C37ACA}.Debug|Any CPU.Build.0 = Debug|Any CPU
		{EE247F0E-47F9-4687-AB97-458A92C37ACA}.Release|Any CPU.ActiveCfg = Release|Any CPU
		{EE247F0E-47F9-4687-AB97-458A92C37ACA}.Release|Any CPU.Build.0 = Release|Any CPU
		{7DDCD4AD-4706-4483-93C1-86CEB1C2C979}.Debug|Any CPU.ActiveCfg = Debug|Any CPU
		{7DDCD4AD-4706-4483-93C1-86CEB1C2C979}.Debug|Any CPU.Build.0 = Debug|Any CPU
		{7DDCD4AD-4706-4483-93C1-86CEB1C2C979}.Release|Any CPU.ActiveCfg = Release|Any CPU
		{7DDCD4AD-4706-4483-93C1-86CEB1C2C979}.Release|Any CPU.Build.0 = Release|Any CPU
	EndGlobalSection
	GlobalSection(SolutionProperties) = preSolution
		HideSolutionNode = FALSE
	EndGlobalSection
	GlobalSection(NestedProjects) = preSolution
		{6E0A8844-85BF-44EC-B1AD-00DDE4083E48} = {1DF8E617-4643-47BC-ACA4-16DB30FE39BA}
		{3E2B26C3-E401-4F62-BDFD-6AB559BD094E} = {CB12575B-EE8D-43E3-8A4C-655449E035D0}
		{12948376-4053-4AEF-ADDD-8A7CE2583C9D} = {EC1702ED-3658-4C11-9E05-3799AAA4D198}
		{EE247F0E-47F9-4687-AB97-458A92C37ACA} = {CADEF4D1-C945-4C3D-B2D6-3B77159F466E}
		{7DDCD4AD-4706-4483-93C1-86CEB1C2C979} = {BC9522A0-885B-48C7-83C7-45081C332B8E}
	EndGlobalSection
	GlobalSection(ExtensibilityGlobals) = postSolution
		SolutionGuid = {B89FDB58-FF08-4AFD-87E0-A29BE3B15924}
	EndGlobalSection
EndGlobal
